
Microsoft Visual Studio Solution File, Format Version 12.00
# Visual Studio Version 17
VisualStudioVersion = 17.11.35208.52
MinimumVisualStudioVersion = 10.0.40219.1
Project("{FAE04EC0-301F-11D3-BF4B-00C04F79EFBC}") = "OOP-introduction", "OOP-introduction\OOP-introduction.csproj", "{7D83911B-9F42-403B-A00B-32616051328C}"
EndProject
Global
	GlobalSection(SolutionConfigurationPlatforms) = preSolution
		Debug|Any CPU = Debug|Any CPU
		Release|Any CPU = Release|Any CPU
	EndGlobalSection
	GlobalSection(ProjectConfigurationPlatforms) = postSolution
		{7D83911B-9F42-403B-A00B-32616051328C}.Debug|Any CPU.ActiveCfg = Debug|Any CPU
		{7D83911B-9F42-403B-A00B-32616051328C}.Debug|Any CPU.Build.0 = Debug|Any CPU
		{7D83911B-9F42-403B-A00B-32616051328C}.Release|Any CPU.ActiveCfg = Release|Any CPU
		{7D83911B-9F42-403B-A00B-32616051328C}.Release|Any CPU.Build.0 = Release|Any CPU
	EndGlobalSection
	GlobalSection(SolutionProperties) = preSolution
		HideSolutionNode = FALSE
	EndGlobalSection
	GlobalSection(ExtensibilityGlobals) = postSolution
		SolutionGuid = {F722EEED-CC23-4513-86AE-8BEF2ED46FEC}
	EndGlobalSection
EndGlobal
