
Microsoft Visual Studio Solution File, Format Version 12.00
# Visual Studio Version 17
VisualStudioVersion = 17.14.36511.14 d17.14
MinimumVisualStudioVersion = 10.0.40219.1
Project("{FAE04EC0-301F-11D3-BF4B-00C04F79EFBC}") = "solticsongor-Forma1", "solticsongor-Forma1\solticsongor-Forma1.csproj", "{02FC9E47-7B00-442D-8256-40D0F79062C0}"
EndProject
Project("{FAE04EC0-301F-11D3-BF4B-00C04F79EFBC}") = "formaLib", "formaLib\formaLib.csproj", "{04E956B8-03B0-4CBE-946C-7FE385314A29}"
EndProject
Global
	GlobalSection(SolutionConfigurationPlatforms) = preSolution
		Debug|Any CPU = Debug|Any CPU
		Release|Any CPU = Release|Any CPU
	EndGlobalSection
	GlobalSection(ProjectConfigurationPlatforms) = postSolution
		{02FC9E47-7B00-442D-8256-40D0F79062C0}.Debug|Any CPU.ActiveCfg = Debug|Any CPU
		{02FC9E47-7B00-442D-8256-40D0F79062C0}.Debug|Any CPU.Build.0 = Debug|Any CPU
		{02FC9E47-7B00-442D-8256-40D0F79062C0}.Release|Any CPU.ActiveCfg = Release|Any CPU
		{02FC9E47-7B00-442D-8256-40D0F79062C0}.Release|Any CPU.Build.0 = Release|Any CPU
		{04E956B8-03B0-4CBE-946C-7FE385314A29}.Debug|Any CPU.ActiveCfg = Debug|Any CPU
		{04E956B8-03B0-4CBE-946C-7FE385314A29}.Debug|Any CPU.Build.0 = Debug|Any CPU
		{04E956B8-03B0-4CBE-946C-7FE385314A29}.Release|Any CPU.ActiveCfg = Release|Any CPU
		{04E956B8-03B0-4CBE-946C-7FE385314A29}.Release|Any CPU.Build.0 = Release|Any CPU
	EndGlobalSection
	GlobalSection(SolutionProperties) = preSolution
		HideSolutionNode = FALSE
	EndGlobalSection
	GlobalSection(ExtensibilityGlobals) = postSolution
		SolutionGuid = {B7C00C2D-30D5-4FC3-BB12-229A26C5F678}
	EndGlobalSection
EndGlobal
