
Microsoft Visual Studio Solution File, Format Version 12.00
# Visual Studio Version 17
VisualStudioVersion = 17.11.35208.52
MinimumVisualStudioVersion = 10.0.40219.1
Project("{FAE04EC0-301F-11D3-BF4B-00C04F79EFBC}") = "CsPS-gepkocsik", "CsPS-gepkocsik\CsPS-gepkocsik.csproj", "{4FC22C2E-E8DF-48A1-B7EF-5D1FFD0D4A60}"
EndProject
Project("{FAE04EC0-301F-11D3-BF4B-00C04F79EFBC}") = "GepkocsiLib", "GepkocsiLib\GepkocsiLib.csproj", "{923B4953-F38F-4004-8C1F-90142A113FF5}"
EndProject
Global
	GlobalSection(SolutionConfigurationPlatforms) = preSolution
		Debug|Any CPU = Debug|Any CPU
		Release|Any CPU = Release|Any CPU
	EndGlobalSection
	GlobalSection(ProjectConfigurationPlatforms) = postSolution
		{4FC22C2E-E8DF-48A1-B7EF-5D1FFD0D4A60}.Debug|Any CPU.ActiveCfg = Debug|Any CPU
		{4FC22C2E-E8DF-48A1-B7EF-5D1FFD0D4A60}.Debug|Any CPU.Build.0 = Debug|Any CPU
		{4FC22C2E-E8DF-48A1-B7EF-5D1FFD0D4A60}.Release|Any CPU.ActiveCfg = Release|Any CPU
		{4FC22C2E-E8DF-48A1-B7EF-5D1FFD0D4A60}.Release|Any CPU.Build.0 = Release|Any CPU
		{923B4953-F38F-4004-8C1F-90142A113FF5}.Debug|Any CPU.ActiveCfg = Debug|Any CPU
		{923B4953-F38F-4004-8C1F-90142A113FF5}.Debug|Any CPU.Build.0 = Debug|Any CPU
		{923B4953-F38F-4004-8C1F-90142A113FF5}.Release|Any CPU.ActiveCfg = Release|Any CPU
		{923B4953-F38F-4004-8C1F-90142A113FF5}.Release|Any CPU.Build.0 = Release|Any CPU
	EndGlobalSection
	GlobalSection(SolutionProperties) = preSolution
		HideSolutionNode = FALSE
	EndGlobalSection
	GlobalSection(ExtensibilityGlobals) = postSolution
		SolutionGuid = {3A4D070D-7BC5-4EC4-8841-A46B0D6E05BD}
	EndGlobalSection
EndGlobal
