
Microsoft Visual Studio Solution File, Format Version 12.00
# Visual Studio Version 17
VisualStudioVersion = 17.11.35208.52
MinimumVisualStudioVersion = 10.0.40219.1
Project("{FAE04EC0-301F-11D3-BF4B-00C04F79EFBC}") = "CsPS-sorozatok", "CsPS-sorozatok\CsPS-sorozatok.csproj", "{8C068244-22BE-4FEF-8D69-94614C421852}"
EndProject
Project("{FAE04EC0-301F-11D3-BF4B-00C04F79EFBC}") = "SorozatokLib", "SorozatokLib\SorozatokLib.csproj", "{29E293C3-7401-4DB4-AD53-3EE0565FE852}"
EndProject
Global
	GlobalSection(SolutionConfigurationPlatforms) = preSolution
		Debug|Any CPU = Debug|Any CPU
		Release|Any CPU = Release|Any CPU
	EndGlobalSection
	GlobalSection(ProjectConfigurationPlatforms) = postSolution
		{8C068244-22BE-4FEF-8D69-94614C421852}.Debug|Any CPU.ActiveCfg = Debug|Any CPU
		{8C068244-22BE-4FEF-8D69-94614C421852}.Debug|Any CPU.Build.0 = Debug|Any CPU
		{8C068244-22BE-4FEF-8D69-94614C421852}.Release|Any CPU.ActiveCfg = Release|Any CPU
		{8C068244-22BE-4FEF-8D69-94614C421852}.Release|Any CPU.Build.0 = Release|Any CPU
		{29E293C3-7401-4DB4-AD53-3EE0565FE852}.Debug|Any CPU.ActiveCfg = Debug|Any CPU
		{29E293C3-7401-4DB4-AD53-3EE0565FE852}.Debug|Any CPU.Build.0 = Debug|Any CPU
		{29E293C3-7401-4DB4-AD53-3EE0565FE852}.Release|Any CPU.ActiveCfg = Release|Any CPU
		{29E293C3-7401-4DB4-AD53-3EE0565FE852}.Release|Any CPU.Build.0 = Release|Any CPU
	EndGlobalSection
	GlobalSection(SolutionProperties) = preSolution
		HideSolutionNode = FALSE
	EndGlobalSection
	GlobalSection(ExtensibilityGlobals) = postSolution
		SolutionGuid = {E532DFAD-629D-4371-A236-6C4AAE1D0CDD}
	EndGlobalSection
EndGlobal
