
Microsoft Visual Studio Solution File, Format Version 12.00
# Visual Studio Version 17
VisualStudioVersion = 17.14.36429.23 d17.14
MinimumVisualStudioVersion = 10.0.40219.1
Project("{FAE04EC0-301F-11D3-BF4B-00C04F79EFBC}") = "solticsongor-TestKiertekeles", "solticsongor-TestKiertekeles\solticsongor-TestKiertekeles.csproj", "{B1FACFA8-8D63-4D43-9162-8376F531EAF9}"
EndProject
Project("{FAE04EC0-301F-11D3-BF4B-00C04F79EFBC}") = "nullableLib", "nullableLib\nullableLib.csproj", "{16A16A22-5903-403E-B3AA-F0D6446D0FC1}"
EndProject
Global
	GlobalSection(SolutionConfigurationPlatforms) = preSolution
		Debug|Any CPU = Debug|Any CPU
		Release|Any CPU = Release|Any CPU
	EndGlobalSection
	GlobalSection(ProjectConfigurationPlatforms) = postSolution
		{B1FACFA8-8D63-4D43-9162-8376F531EAF9}.Debug|Any CPU.ActiveCfg = Debug|Any CPU
		{B1FACFA8-8D63-4D43-9162-8376F531EAF9}.Debug|Any CPU.Build.0 = Debug|Any CPU
		{B1FACFA8-8D63-4D43-9162-8376F531EAF9}.Release|Any CPU.ActiveCfg = Release|Any CPU
		{B1FACFA8-8D63-4D43-9162-8376F531EAF9}.Release|Any CPU.Build.0 = Release|Any CPU
		{16A16A22-5903-403E-B3AA-F0D6446D0FC1}.Debug|Any CPU.ActiveCfg = Debug|Any CPU
		{16A16A22-5903-403E-B3AA-F0D6446D0FC1}.Debug|Any CPU.Build.0 = Debug|Any CPU
		{16A16A22-5903-403E-B3AA-F0D6446D0FC1}.Release|Any CPU.ActiveCfg = Release|Any CPU
		{16A16A22-5903-403E-B3AA-F0D6446D0FC1}.Release|Any CPU.Build.0 = Release|Any CPU
	EndGlobalSection
	GlobalSection(SolutionProperties) = preSolution
		HideSolutionNode = FALSE
	EndGlobalSection
	GlobalSection(ExtensibilityGlobals) = postSolution
		SolutionGuid = {295B406A-0332-4AB3-9880-57EF55AE6CAC}
	EndGlobalSection
EndGlobal
