
Microsoft Visual Studio Solution File, Format Version 12.00
# Visual Studio Version 17
VisualStudioVersion = 17.11.35208.52
MinimumVisualStudioVersion = 10.0.40219.1
Project("{FAE04EC0-301F-11D3-BF4B-00C04F79EFBC}") = "Epuletek", "Epuletek\Epuletek.csproj", "{87986262-07ED-4BBF-9629-AF727E730C0B}"
EndProject
Global
	GlobalSection(SolutionConfigurationPlatforms) = preSolution
		Debug|Any CPU = Debug|Any CPU
		Release|Any CPU = Release|Any CPU
	EndGlobalSection
	GlobalSection(ProjectConfigurationPlatforms) = postSolution
		{87986262-07ED-4BBF-9629-AF727E730C0B}.Debug|Any CPU.ActiveCfg = Debug|Any CPU
		{87986262-07ED-4BBF-9629-AF727E730C0B}.Debug|Any CPU.Build.0 = Debug|Any CPU
		{87986262-07ED-4BBF-9629-AF727E730C0B}.Release|Any CPU.ActiveCfg = Release|Any CPU
		{87986262-07ED-4BBF-9629-AF727E730C0B}.Release|Any CPU.Build.0 = Release|Any CPU
	EndGlobalSection
	GlobalSection(SolutionProperties) = preSolution
		HideSolutionNode = FALSE
	EndGlobalSection
	GlobalSection(ExtensibilityGlobals) = postSolution
		SolutionGuid = {48746D80-5F4D-496E-98EF-667BE2DB78B8}
	EndGlobalSection
EndGlobal
