<Solution>
  <Project Path="E:/REPOS/SCHOOL/My-School-Projects/NEU/Osztaly12/ASZTALI/25-1103-1109_Oroklodes-Jo-Alany/solticsongor-JoAlany/joalanyLib/joalanyLib.csproj" />
  <Project Path="E:/REPOS/SCHOOL/My-School-Projects/NEU/Osztaly12/ASZTALI/25-1103-1109_Oroklodes-Jo-Alany/solticsongor-JoAlany/solticsongor-JoAlany/solticsongor-JoAlany.csproj" />
  <Project Path="joalanyTestSzorgalmi/joalanyTestSzorgalmi.csproj" />
</Solution>
