
Microsoft Visual Studio Solution File, Format Version 12.00
# Visual Studio Version 17
VisualStudioVersion = 17.11.35208.52
MinimumVisualStudioVersion = 10.0.40219.1
Project("{FAE04EC0-301F-11D3-BF4B-00C04F79EFBC}") = "hataratkelok", "hataratkelok\hataratkelok.csproj", "{42AAA82E-A921-447C-9CAD-2428F74207F2}"
EndProject
Global
	GlobalSection(SolutionConfigurationPlatforms) = preSolution
		Debug|Any CPU = Debug|Any CPU
		Release|Any CPU = Release|Any CPU
	EndGlobalSection
	GlobalSection(ProjectConfigurationPlatforms) = postSolution
		{42AAA82E-A921-447C-9CAD-2428F74207F2}.Debug|Any CPU.ActiveCfg = Debug|Any CPU
		{42AAA82E-A921-447C-9CAD-2428F74207F2}.Debug|Any CPU.Build.0 = Debug|Any CPU
		{42AAA82E-A921-447C-9CAD-2428F74207F2}.Release|Any CPU.ActiveCfg = Release|Any CPU
		{42AAA82E-A921-447C-9CAD-2428F74207F2}.Release|Any CPU.Build.0 = Release|Any CPU
	EndGlobalSection
	GlobalSection(SolutionProperties) = preSolution
		HideSolutionNode = FALSE
	EndGlobalSection
	GlobalSection(ExtensibilityGlobals) = postSolution
		SolutionGuid = {A4912673-FDD2-4D2D-94D7-ACC30AA4F365}
	EndGlobalSection
EndGlobal
