
Microsoft Visual Studio Solution File, Format Version 12.00
Project("{FAE04EC0-301F-11D3-BF4B-00C04F79EFBC}") = "solticsongor-NyelviskolaConsole", "solticsongor-NyelviskolaConsole\solticsongor-NyelviskolaConsole.csproj", "{F14E0CF8-D67C-4D5C-AB00-2070E89030B9}"
EndProject
Project("{FAE04EC0-301F-11D3-BF4B-00C04F79EFBC}") = "solticsongor-NyelviskolaGUI", "solticsongor-NyelviskolaGUI\solticsongor-NyelviskolaGUI.csproj", "{DF1B4157-7E4E-480A-B9DC-D670DAB86E0E}"
EndProject
Project("{FAE04EC0-301F-11D3-BF4B-00C04F79EFBC}") = "solticsongor-NyelviskolaLib", "solticsongor-NyelviskolaLib\solticsongor-NyelviskolaLib.csproj", "{B349F79C-92B6-46BB-8283-D7BD45F3FEFC}"
EndProject
Global
	GlobalSection(SolutionConfigurationPlatforms) = preSolution
		Debug|Any CPU = Debug|Any CPU
		Release|Any CPU = Release|Any CPU
	EndGlobalSection
	GlobalSection(ProjectConfigurationPlatforms) = postSolution
		{F14E0CF8-D67C-4D5C-AB00-2070E89030B9}.Debug|Any CPU.ActiveCfg = Debug|Any CPU
		{F14E0CF8-D67C-4D5C-AB00-2070E89030B9}.Debug|Any CPU.Build.0 = Debug|Any CPU
		{F14E0CF8-D67C-4D5C-AB00-2070E89030B9}.Release|Any CPU.ActiveCfg = Release|Any CPU
		{F14E0CF8-D67C-4D5C-AB00-2070E89030B9}.Release|Any CPU.Build.0 = Release|Any CPU
		{DF1B4157-7E4E-480A-B9DC-D670DAB86E0E}.Debug|Any CPU.ActiveCfg = Debug|Any CPU
		{DF1B4157-7E4E-480A-B9DC-D670DAB86E0E}.Debug|Any CPU.Build.0 = Debug|Any CPU
		{DF1B4157-7E4E-480A-B9DC-D670DAB86E0E}.Release|Any CPU.ActiveCfg = Release|Any CPU
		{DF1B4157-7E4E-480A-B9DC-D670DAB86E0E}.Release|Any CPU.Build.0 = Release|Any CPU
		{B349F79C-92B6-46BB-8283-D7BD45F3FEFC}.Debug|Any CPU.ActiveCfg = Debug|Any CPU
		{B349F79C-92B6-46BB-8283-D7BD45F3FEFC}.Debug|Any CPU.Build.0 = Debug|Any CPU
		{B349F79C-92B6-46BB-8283-D7BD45F3FEFC}.Release|Any CPU.ActiveCfg = Release|Any CPU
		{B349F79C-92B6-46BB-8283-D7BD45F3FEFC}.Release|Any CPU.Build.0 = Release|Any CPU
	EndGlobalSection
EndGlobal
