
Microsoft Visual Studio Solution File, Format Version 12.00
Project("{FAE04EC0-301F-11D3-BF4B-00C04F79EFBC}") = "solticsongor-Allegro", "solticsongor-Allegro\solticsongor-Allegro.csproj", "{5DC487D1-74AF-43BB-BC3D-EE4EB0B786FE}"
EndProject
Global
	GlobalSection(SolutionConfigurationPlatforms) = preSolution
		Debug|Any CPU = Debug|Any CPU
		Release|Any CPU = Release|Any CPU
	EndGlobalSection
	GlobalSection(ProjectConfigurationPlatforms) = postSolution
		{5DC487D1-74AF-43BB-BC3D-EE4EB0B786FE}.Debug|Any CPU.ActiveCfg = Debug|Any CPU
		{5DC487D1-74AF-43BB-BC3D-EE4EB0B786FE}.Debug|Any CPU.Build.0 = Debug|Any CPU
		{5DC487D1-74AF-43BB-BC3D-EE4EB0B786FE}.Release|Any CPU.ActiveCfg = Release|Any CPU
		{5DC487D1-74AF-43BB-BC3D-EE4EB0B786FE}.Release|Any CPU.Build.0 = Release|Any CPU
	EndGlobalSection
EndGlobal
